
Microsoft Visual Studio Solution File, Format Version 12.00
# Visual Studio 15
VisualStudioVersion = 15.0.28307.1082
MinimumVisualStudioVersion = 10.0.40219.1
Project("{8BC9CEB8-8B4A-11D0-8D11-00A0C91BC942}") = "SIFT_GPU", "SIFT_GPU.vcxproj", "{0EC9B4EB-7D15-4A03-8E62-C1D101177DB6}"
EndProject
Global
	GlobalSection(SolutionConfigurationPlatforms) = preSolution
		Debug|x64 = Debug|x64
		Debug|x86 = Debug|x86
		Release|x64 = Release|x64
		Release|x86 = Release|x86
	EndGlobalSection
	GlobalSection(ProjectConfigurationPlatforms) = postSolution
		{0EC9B4EB-7D15-4A03-8E62-C1D101177DB6}.Debug|x64.ActiveCfg = Debug|x64
		{0EC9B4EB-7D15-4A03-8E62-C1D101177DB6}.Debug|x64.Build.0 = Debug|x64
		{0EC9B4EB-7D15-4A03-8E62-C1D101177DB6}.Debug|x86.ActiveCfg = Debug|Win32
		{0EC9B4EB-7D15-4A03-8E62-C1D101177DB6}.Debug|x86.Build.0 = Debug|Win32
		{0EC9B4EB-7D15-4A03-8E62-C1D101177DB6}.Release|x64.ActiveCfg = Release|x64
		{0EC9B4EB-7D15-4A03-8E62-C1D101177DB6}.Release|x64.Build.0 = Release|x64
		{0EC9B4EB-7D15-4A03-8E62-C1D101177DB6}.Release|x86.ActiveCfg = Release|Win32
		{0EC9B4EB-7D15-4A03-8E62-C1D101177DB6}.Release|x86.Build.0 = Release|Win32
	EndGlobalSection
	GlobalSection(SolutionProperties) = preSolution
		HideSolutionNode = FALSE
	EndGlobalSection
	GlobalSection(ExtensibilityGlobals) = postSolution
		SolutionGuid = {FAF0C913-4A8D-4CDF-AF8B-D6ED3BDFCB15}
	EndGlobalSection
EndGlobal
